
Microsoft Visual Studio Solution File, Format Version 12.00
# Visual Studio Version 17
VisualStudioVersion = 17.7.34221.43
MinimumVisualStudioVersion = 10.0.40219.1
Project("{9A19103F-16F7-4668-BE54-9A1E7A4F7556}") = "RedBlackTree", "RedBlackTree\RedBlackTree.csproj", "{1AA734F0-8AE2-4DFD-8D4C-46E954084302}"
EndProject
Project("{9A19103F-16F7-4668-BE54-9A1E7A4F7556}") = "RedBlackTreeTests", "RedBlackTreeTests\RedBlackTreeTests.csproj", "{740D62D2-945A-470B-BB3D-B3875C8BD3A3}"
EndProject
Global
	GlobalSection(SolutionConfigurationPlatforms) = preSolution
		Debug|Any CPU = Debug|Any CPU
		Release|Any CPU = Release|Any CPU
	EndGlobalSection
	GlobalSection(ProjectConfigurationPlatforms) = postSolution
		{1AA734F0-8AE2-4DFD-8D4C-46E954084302}.Debug|Any CPU.ActiveCfg = Debug|Any CPU
		{1AA734F0-8AE2-4DFD-8D4C-46E954084302}.Debug|Any CPU.Build.0 = Debug|Any CPU
		{1AA734F0-8AE2-4DFD-8D4C-46E954084302}.Release|Any CPU.ActiveCfg = Release|Any CPU
		{1AA734F0-8AE2-4DFD-8D4C-46E954084302}.Release|Any CPU.Build.0 = Release|Any CPU
		{740D62D2-945A-470B-BB3D-B3875C8BD3A3}.Debug|Any CPU.ActiveCfg = Debug|Any CPU
		{740D62D2-945A-470B-BB3D-B3875C8BD3A3}.Debug|Any CPU.Build.0 = Debug|Any CPU
		{740D62D2-945A-470B-BB3D-B3875C8BD3A3}.Release|Any CPU.ActiveCfg = Release|Any CPU
		{740D62D2-945A-470B-BB3D-B3875C8BD3A3}.Release|Any CPU.Build.0 = Release|Any CPU
	EndGlobalSection
	GlobalSection(SolutionProperties) = preSolution
		HideSolutionNode = FALSE
	EndGlobalSection
	GlobalSection(ExtensibilityGlobals) = postSolution
		SolutionGuid = {56F29AE9-CCA6-4D1E-968E-BB0E1A8439E6}
	EndGlobalSection
EndGlobal
